PODS:
  - CryptoSwift (1.3.8)
  - EllipticCurveKeyPair (2.0)
  - KeychainAccess (4.2.1)
  - PromiseKit (6.13.1):
    - PromiseKit/CorePromise (= 6.13.1)
    - PromiseKit/Foundation (= 6.13.1)
    - PromiseKit/UIKit (= 6.13.1)
  - PromiseKit/CorePromise (6.13.1)
  - PromiseKit/Foundation (6.13.1):
    - PromiseKit/CorePromise
  - PromiseKit/UIKit (6.13.1):
    - PromiseKit/CorePromise

DEPENDENCIES:
  - CryptoSwift (~> 1.3.8)
  - EllipticCurveKeyPair (~> 2.0)
  - KeychainAccess (~> 4.2.1)
  - PromiseKit (~> 6.13.1)

SPEC REPOS:
  trunk:
    - CryptoSwift
    - EllipticCurveKeyPair
    - KeychainAccess
    - PromiseKit

SPEC CHECKSUMS:
  CryptoSwift: 01b0f0cba1d5c212e5a335ff6c054fb75a204f00
  EllipticCurveKeyPair: 8c69e5238a6e47243a10a48fbd41dfb19110b22e
  KeychainAccess: 9b07f665298d13c3a85881bd3171f6f49b8151c1
  PromiseKit: 28fda91c973cc377875d8c0ea4f973013c05b6db

PODFILE CHECKSUM: bc1f1a2f63e382f8cf698e82ed4e041c44ea441d

COCOAPODS: 1.10.0
